{
    "hash": "a558d031bf4c3e36dbc4bf0304dd3c93",
    "packages": [
        {
            "package": "mikey179/vfsStream",
            "version": "1.0.0-beta2"
        },
        {
            "package": "stubbles/core",
            "version": "2.0.0-beta6"
        },
        {
            "package": "stubbles/scripts",
            "version": "1.0.0-beta7"
        }
    ],
    "aliases": []
}
