{
    "hash": "8da926170f05f3a7cdfde13be2aca8e4",
    "packages": [
        {
            "package": "stubbles/core",
            "version": "v2.1.0"
        }
    ],
    "packages-dev": [
        {
            "package": "mikey179/vfsStream",
            "version": "v1.0.0"
        }
    ],
    "aliases": [

    ],
    "minimum-stability": "stable",
    "stability-flags": [

    ]
}
